{
  "R": {
    "Version": "4.1.2",
    "Repositories": [
      {
        "Name": "RSPM",
        "URL": "https://packagemanager.rstudio.com/cran/latest"
      },
      {
        "Name": "CRAN",
        "URL": "https://cloud.r-project.org"
      }
    ]
  },
  "Packages": {
    "R6": {
      "Package": "R6",
      "Version": "2.5.1.9000",
      "Source": "Repository",
      "Repository": "https://r-lib.r-universe.dev",
      "RemoteUrl": "https://github.com/r-lib/r6",
      "RemoteRef": "HEAD",
      "RemoteSha": "1b05b89f30fe6713cb9ff51d91fc56bd3016e4b2",
      "Hash": "417dbcadb7ab50b416893c0601d15f44",
      "Requirements": []
    },
    "askpass": {
      "Package": "askpass",
      "Version": "1.1",
      "Source": "Repository",
      "Repository": "RSPM",
      "Hash": "e8a22846fff485f0be3770c2da758713",
      "Requirements": [
        "sys"
      ]
    },
    "base64enc": {
      "Package": "base64enc",
      "Version": "0.1-3",
      "Source": "Repository",
      "Repository": "CRAN",
      "Hash": "543776ae6848fde2f48ff3816d0628bc",
      "Requirements": []
    },
    "bibtex": {
      "Package": "bibtex",
      "Version": "0.4.3",
      "Source": "Repository",
      "Repository": "https://ropensci.r-universe.dev",
      "RemoteUrl": "https://github.com/ropensci/bibtex",
      "RemoteRef": "master",
      "RemoteSha": "1c0e12d0fbf9aefea4e72c4aef1c40b0b972cf6a",
      "Hash": "307b0da3e4150a4b6f6206fb7ec2c166",
      "Requirements": []
    },
    "bookdown": {
      "Package": "bookdown",
      "Version": "0.24.4",
      "Source": "Repository",
      "Repository": "https://rstudio.r-universe.dev",
      "RemoteUrl": "https://github.com/rstudio/bookdown",
      "RemoteRef": "HEAD",
      "RemoteSha": "4e859c0edede084643d27e13060dc5f1275d2433",
      "Hash": "e7345d58f17b4a8516c34e9d89241e2c",
      "Requirements": [
        "htmltools",
        "jquerylib",
        "knitr",
        "rmarkdown",
        "tinytex",
        "xfun",
        "yaml"
      ]
    },
    "brio": {
      "Package": "brio",
      "Version": "1.1.3.9000",
      "Source": "Repository",
      "Repository": "https://r-lib.r-universe.dev",
      "RemoteUrl": "https://github.com/r-lib/brio",
      "RemoteRef": "HEAD",
      "RemoteSha": "97147a7496a7284dcbb45d199165adff1dab24c4",
      "Hash": "ef23ea031655ff0f9faab38e4299fc7b",
      "Requirements": []
    },
    "bslib": {
      "Package": "bslib",
      "Version": "0.3.1.9000",
      "Source": "Repository",
      "Repository": "https://rstudio.r-universe.dev",
      "RemoteUrl": "https://github.com/rstudio/bslib",
      "RemoteRef": "HEAD",
      "RemoteSha": "ea9c0355c5e2844726d405496aa78647194f63ab",
      "Hash": "f6786818ef2b95a5f6b3b973822bb432",
      "Requirements": [
        "htmltools",
        "jquerylib",
        "jsonlite",
        "rlang",
        "sass"
      ]
    },
    "cachem": {
      "Package": "cachem",
      "Version": "1.0.6.9000",
      "Source": "Repository",
      "Repository": "https://r-lib.r-universe.dev",
      "RemoteUrl": "https://github.com/r-lib/cachem",
      "RemoteRef": "HEAD",
      "RemoteSha": "dc280fa9c6a47334f0f1c5fe65b6211724a4608f",
      "Hash": "fed514e5286893742a1d112c7f8f1912",
      "Requirements": [
        "fastmap",
        "rlang"
      ]
    },
    "cli": {
      "Package": "cli",
      "Version": "3.2.0",
      "Source": "Repository",
      "Repository": "RSPM",
      "Hash": "1bdb126893e9ce6aae50ad1d6fc32faf",
      "Requirements": [
        "glue"
      ]
    },
    "cpp11": {
      "Package": "cpp11",
      "Version": "0.4.2.9000",
      "Source": "Repository",
      "Repository": "https://r-lib.r-universe.dev",
      "RemoteUrl": "https://github.com/r-lib/cpp11",
      "RemoteRef": "HEAD",
      "RemoteSha": "ca8bd289a1b945bc012c7561dc4c0c1f54accd9b",
      "Hash": "57bf394431f813391c58a4b7e69ca747",
      "Requirements": []
    },
    "crayon": {
      "Package": "crayon",
      "Version": "1.5.0",
      "Source": "Repository",
      "Repository": "RSPM",
      "Hash": "741c2e098e98afe3dc26a7b0e5489f4e",
      "Requirements": []
    },
    "curl": {
      "Package": "curl",
      "Version": "4.3.2",
      "Source": "Repository",
      "Repository": "CRAN",
      "Hash": "022c42d49c28e95d69ca60446dbabf88",
      "Requirements": []
    },
    "desc": {
      "Package": "desc",
      "Version": "1.4.0.9000",
      "Source": "Repository",
      "Repository": "https://r-lib.r-universe.dev",
      "RemoteUrl": "https://github.com/r-lib/desc",
      "RemoteRef": "HEAD",
      "RemoteSha": "daece0e5816e17a461969489bfdda2d50b4f5fe5",
      "Hash": "36a25e0903692bd8b82aadb07381aff4",
      "Requirements": [
        "R6",
        "crayon",
        "rprojroot"
      ]
    },
    "digest": {
      "Package": "digest",
      "Version": "0.6.29",
      "Source": "Repository",
      "Repository": "CRAN",
      "Hash": "cf6b206a045a684728c3267ef7596190",
      "Requirements": []
    },
    "distill": {
      "Package": "distill",
      "Version": "1.3.1",
      "Source": "Repository",
      "Repository": "https://rstudio.r-universe.dev",
      "RemoteUrl": "https://github.com/rstudio/distill",
      "RemoteRef": "HEAD",
      "RemoteSha": "c2235591cbcd75fca3316021b4438cfec0fbeda2",
      "Hash": "faa4447033431a64e555670cc4767d87",
      "Requirements": [
        "base64enc",
        "bookdown",
        "digest",
        "downlit",
        "htmltools",
        "jsonlite",
        "knitr",
        "lubridate",
        "mime",
        "openssl",
        "png",
        "rmarkdown",
        "rprojroot",
        "rstudioapi",
        "stringr",
        "whisker",
        "xfun",
        "xml2",
        "yaml"
      ]
    },
    "downlit": {
      "Package": "downlit",
      "Version": "0.4.0.9000",
      "Source": "GitHub",
      "RemoteType": "github",
      "RemoteHost": "api.github.com",
      "RemoteRepo": "downlit",
      "RemoteUsername": "r-lib",
      "RemoteRef": "HEAD",
      "RemoteSha": "4011b2f470750dc51a8001eaa739dbcff257ffb1",
      "Hash": "66ad6184e25598011fefa9da579ec1a2",
      "Requirements": [
        "brio",
        "desc",
        "digest",
        "evaluate",
        "fansi",
        "memoise",
        "rlang",
        "vctrs",
        "yaml"
      ]
    },
    "dplyr": {
      "Package": "dplyr",
      "Version": "1.0.8",
      "Source": "Repository",
      "Repository": "RSPM",
      "Hash": "ef47665e64228a17609d6df877bf86f2",
      "Requirements": [
        "R6",
        "generics",
        "glue",
        "lifecycle",
        "magrittr",
        "pillar",
        "rlang",
        "tibble",
        "tidyselect",
        "vctrs"
      ]
    },
    "ellipsis": {
      "Package": "ellipsis",
      "Version": "0.3.2.9000",
      "Source": "Repository",
      "Repository": "RSPM",
      "Hash": "a5d577229b7664db7ff3dba0ec940e05",
      "Requirements": [
        "rlang"
      ]
    },
    "evaluate": {
      "Package": "evaluate",
      "Version": "0.14.1",
      "Source": "Repository",
      "Repository": "RSPM",
      "Hash": "f45d658ec51ed850a3e8071554b15b2c",
      "Requirements": []
    },
    "fansi": {
      "Package": "fansi",
      "Version": "1.0.2",
      "Source": "Repository",
      "Repository": "RSPM",
      "Hash": "f28149c2d7a1342a834b314e95e67260",
      "Requirements": []
    },
    "fastmap": {
      "Package": "fastmap",
      "Version": "1.1.0.9000",
      "Source": "Repository",
      "Repository": "RSPM",
      "Hash": "370a9db7846ce69052fe6f8b8767b40f",
      "Requirements": []
    },
    "fs": {
      "Package": "fs",
      "Version": "1.5.2.9000",
      "Source": "Repository",
      "Repository": "https://r-lib.r-universe.dev",
      "RemoteUrl": "https://github.com/r-lib/fs",
      "RemoteRef": "HEAD",
      "RemoteSha": "6d1182fea7e1c1ddbef3b0bba37c0b0a2e09749c",
      "Hash": "4349c4ee378850588eff06f44cf7c681",
      "Requirements": []
    },
    "generics": {
      "Package": "generics",
      "Version": "0.1.2",
      "Source": "Repository",
      "Repository": "RSPM",
      "Hash": "177475892cf4a55865868527654a7741",
      "Requirements": []
    },
    "glue": {
      "Package": "glue",
      "Version": "1.6.1",
      "Source": "Repository",
      "Repository": "RSPM",
      "Hash": "de07842fc27ebf60e1102091c0c85e47",
      "Requirements": []
    },
    "highr": {
      "Package": "highr",
      "Version": "0.9",
      "Source": "Repository",
      "Repository": "CRAN",
      "Hash": "8eb36c8125038e648e5d111c0d7b2ed4",
      "Requirements": [
        "xfun"
      ]
    },
    "htmltools": {
      "Package": "htmltools",
      "Version": "0.5.2.9000",
      "Source": "Repository",
      "Repository": "https://rstudio.r-universe.dev",
      "RemoteUrl": "https://github.com/rstudio/htmltools",
      "RemoteRef": "HEAD",
      "RemoteSha": "6a03c3f35fbe6bfd0f91ba0607808a2b9127c5e5",
      "Hash": "9a874f1201f2af73a55814a70f3adfaa",
      "Requirements": [
        "base64enc",
        "digest",
        "fastmap",
        "rlang"
      ]
    },
    "httr2": {
      "Package": "httr2",
      "Version": "0.1.1.9000",
      "Source": "Repository",
      "Repository": "https://r-lib.r-universe.dev",
      "RemoteUrl": "https://github.com/r-lib/httr2",
      "RemoteRef": "HEAD",
      "RemoteSha": "87011c0ff31019409c4a5a700b041f279f054361",
      "Hash": "7bca564d1501c2686ed61b88fdda0e4d",
      "Requirements": [
        "R6",
        "cli",
        "curl",
        "glue",
        "magrittr",
        "openssl",
        "rappdirs",
        "rlang",
        "withr"
      ]
    },
    "jquerylib": {
      "Package": "jquerylib",
      "Version": "0.1.4",
      "Source": "Repository",
      "Repository": "CRAN",
      "Hash": "5aab57a3bd297eee1c1d862735972182",
      "Requirements": [
        "htmltools"
      ]
    },
    "jsonlite": {
      "Package": "jsonlite",
      "Version": "1.7.3",
      "Source": "Repository",
      "Repository": "RSPM",
      "Hash": "68c37fd8f863c6273dcd24928c17d6e1",
      "Requirements": []
    },
    "knitr": {
      "Package": "knitr",
      "Version": "1.37",
      "Source": "Repository",
      "Repository": "RSPM",
      "Hash": "a4ec675eb332a33fe7b7fe26f70e1f98",
      "Requirements": [
        "evaluate",
        "highr",
        "stringr",
        "xfun",
        "yaml"
      ]
    },
    "lifecycle": {
      "Package": "lifecycle",
      "Version": "1.0.1.9000",
      "Source": "Repository",
      "Repository": "https://r-lib.r-universe.dev",
      "RemoteUrl": "https://github.com/r-lib/lifecycle",
      "RemoteRef": "HEAD",
      "RemoteSha": "56eafa4b33774925f09c4656a7a9013579e11ef5",
      "Hash": "0b2bec4700fcd8e4cd26d0121d44c45e",
      "Requirements": [
        "glue",
        "rlang"
      ]
    },
    "lubridate": {
      "Package": "lubridate",
      "Version": "1.8.0",
      "Source": "Repository",
      "Repository": "https://tidyverse.r-universe.dev",
      "RemoteUrl": "https://github.com/tidyverse/lubridate",
      "RemoteRef": "HEAD",
      "RemoteSha": "9cece5680d0280c5cd1ccdbc9309ccb4724b3a34",
      "Hash": "2ff5eedb6ee38fb1b81205c73be1be5a",
      "Requirements": [
        "cpp11",
        "generics"
      ]
    },
    "magrittr": {
      "Package": "magrittr",
      "Version": "2.0.2",
      "Source": "Repository",
      "Repository": "RSPM",
      "Hash": "cdc87ecd81934679d1557633d8e1fe51",
      "Requirements": []
    },
    "memoise": {
      "Package": "memoise",
      "Version": "2.0.1.9000",
      "Source": "Repository",
      "Repository": "https://r-lib.r-universe.dev",
      "RemoteUrl": "https://github.com/r-lib/memoise",
      "RemoteRef": "HEAD",
      "RemoteSha": "3b0bf3e5fd9239c1dbde5fb2534d61ae5c6c8acf",
      "Hash": "f43574da986dbe346b07b30cdfc2b8f3",
      "Requirements": [
        "cachem",
        "rlang"
      ]
    },
    "mime": {
      "Package": "mime",
      "Version": "0.12",
      "Source": "Repository",
      "Repository": "RSPM",
      "Hash": "18e9c28c1d3ca1560ce30658b22ce104",
      "Requirements": []
    },
    "openssl": {
      "Package": "openssl",
      "Version": "1.4.6",
      "Source": "Repository",
      "Repository": "RSPM",
      "Hash": "69fdf291af288f32fd4cd93315084ea8",
      "Requirements": [
        "askpass"
      ]
    },
    "pillar": {
      "Package": "pillar",
      "Version": "1.7.0",
      "Source": "Repository",
      "Repository": "RSPM",
      "Hash": "51dfc97e1b7069e9f7e6f83f3589c22e",
      "Requirements": [
        "cli",
        "crayon",
        "ellipsis",
        "fansi",
        "glue",
        "lifecycle",
        "rlang",
        "utf8",
        "vctrs"
      ]
    },
    "pkgconfig": {
      "Package": "pkgconfig",
      "Version": "2.0.3",
      "Source": "Repository",
      "Repository": "RSPM",
      "Hash": "01f28d4278f15c76cddbea05899c5d6f",
      "Requirements": []
    },
    "png": {
      "Package": "png",
      "Version": "0.1-7",
      "Source": "Repository",
      "Repository": "CRAN",
      "Hash": "03b7076c234cb3331288919983326c55",
      "Requirements": []
    },
    "purrr": {
      "Package": "purrr",
      "Version": "0.3.4.9000",
      "Source": "Repository",
      "Repository": "RSPM",
      "Hash": "6cf07ee4ae49c70a646a4b85c3e2051b",
      "Requirements": [
        "lifecycle",
        "magrittr",
        "rlang",
        "vctrs"
      ]
    },
    "rappdirs": {
      "Package": "rappdirs",
      "Version": "0.3.3.9000",
      "Source": "Repository",
      "Repository": "RSPM",
      "Hash": "2026db29e01048f626c706cf3778abd6",
      "Requirements": []
    },
    "renv": {
      "Package": "renv",
      "Version": "0.15.2",
      "Source": "Repository",
      "Repository": "RSPM",
      "Hash": "206c4ef8b7ad6fb1060d69aa7b9dfe69",
      "Requirements": []
    },
    "rlang": {
      "Package": "rlang",
      "Version": "1.0.1.9000",
      "Source": "GitHub",
      "RemoteType": "github",
      "RemoteUsername": "r-lib",
      "RemoteRepo": "rlang",
      "RemoteRef": "HEAD",
      "RemoteSha": "d5df93251d055721abb4a576433fb867ca40d527",
      "RemoteHost": "api.github.com",
      "Hash": "e145e293587589a7a873722c6d0cfb69",
      "Requirements": []
    },
    "rmarkdown": {
      "Package": "rmarkdown",
      "Version": "2.11.3",
      "Source": "Repository",
      "Repository": "https://rstudio.r-universe.dev",
      "RemoteUrl": "https://github.com/rstudio/rmarkdown",
      "RemoteRef": "HEAD",
      "RemoteSha": "5a3e941bbebf14c1a1a797125ffc414f61edc664",
      "Hash": "1aac29525915d46889d1c1a603d1bca3",
      "Requirements": [
        "bslib",
        "evaluate",
        "htmltools",
        "jquerylib",
        "jsonlite",
        "knitr",
        "stringr",
        "tinytex",
        "xfun",
        "yaml"
      ]
    },
    "rprojroot": {
      "Package": "rprojroot",
      "Version": "2.0.2.9000",
      "Source": "Repository",
      "Repository": "RSPM",
      "Hash": "6653e4f84c42596eba4fd786080cc1f0",
      "Requirements": []
    },
    "rstudioapi": {
      "Package": "rstudioapi",
      "Version": "0.13.0-9000",
      "Source": "Repository",
      "Repository": "RSPM",
      "Hash": "9f4b1f2c6edca06a0127f2c79918b9bc",
      "Requirements": []
    },
    "sass": {
      "Package": "sass",
      "Version": "0.4.0.9000",
      "Source": "Repository",
      "Repository": "RSPM",
      "Hash": "ec941ccc62223da111b35d19b791ae7f",
      "Requirements": [
        "R6",
        "fs",
        "htmltools",
        "rappdirs",
        "rlang"
      ]
    },
    "stringi": {
      "Package": "stringi",
      "Version": "1.7.6",
      "Source": "Repository",
      "Repository": "CRAN",
      "Hash": "bba431031d30789535745a9627ac9271",
      "Requirements": []
    },
    "stringr": {
      "Package": "stringr",
      "Version": "1.4.0.9000",
      "Source": "Repository",
      "Repository": "RSPM",
      "Hash": "4c162f2c0e52c24c2fe6d901b93d425e",
      "Requirements": [
        "cli",
        "ellipsis",
        "glue",
        "lifecycle",
        "magrittr",
        "rlang",
        "stringi",
        "vctrs",
        "withr"
      ]
    },
    "sys": {
      "Package": "sys",
      "Version": "3.4",
      "Source": "Repository",
      "Repository": "CRAN",
      "Hash": "b227d13e29222b4574486cfcbde077fa",
      "Requirements": []
    },
    "tibble": {
      "Package": "tibble",
      "Version": "3.1.6.9000",
      "Source": "Repository",
      "Repository": "https://tidyverse.r-universe.dev",
      "RemoteUrl": "https://github.com/tidyverse/tibble",
      "RemoteRef": "HEAD",
      "RemoteSha": "b9f612c2690f920ae1d3f1a6487c1734d9097a81",
      "Hash": "edea9fc4810bfde6e4fbdaf3b94c09f6",
      "Requirements": [
        "ellipsis",
        "fansi",
        "lifecycle",
        "magrittr",
        "pillar",
        "pkgconfig",
        "rlang",
        "vctrs"
      ]
    },
    "tidyselect": {
      "Package": "tidyselect",
      "Version": "1.1.1.9000",
      "Source": "Repository",
      "Repository": "RSPM",
      "Hash": "c72c80de91a57e761992402d2602027d",
      "Requirements": [
        "ellipsis",
        "glue",
        "purrr",
        "rlang",
        "vctrs"
      ]
    },
    "tinytex": {
      "Package": "tinytex",
      "Version": "0.37",
      "Source": "Repository",
      "Repository": "RSPM",
      "Hash": "a80abeb527a977e4bef21873d29222dd",
      "Requirements": [
        "xfun"
      ]
    },
    "utf8": {
      "Package": "utf8",
      "Version": "1.2.2",
      "Source": "Repository",
      "Repository": "CRAN",
      "Hash": "c9c462b759a5cc844ae25b5942654d13",
      "Requirements": []
    },
    "vctrs": {
      "Package": "vctrs",
      "Version": "0.3.8.9001",
      "Source": "Repository",
      "Repository": "https://r-lib.r-universe.dev",
      "Remotes": "r-lib/rlang",
      "RemoteUrl": "https://github.com/r-lib/vctrs",
      "RemoteRef": "HEAD",
      "RemoteSha": "89c03dfc202d6392eb8605919b6c54ed124786e8",
      "Hash": "bc48e32e511ba9eec27164bc07070aa1",
      "Requirements": [
        "ellipsis",
        "glue",
        "rlang"
      ]
    },
    "whisker": {
      "Package": "whisker",
      "Version": "0.4",
      "Source": "Repository",
      "Repository": "CRAN",
      "Hash": "ca970b96d894e90397ed20637a0c1bbe",
      "Requirements": []
    },
    "withr": {
      "Package": "withr",
      "Version": "2.4.3.9000",
      "Source": "Repository",
      "Repository": "https://r-lib.r-universe.dev",
      "RemoteUrl": "https://github.com/r-lib/withr",
      "RemoteRef": "HEAD",
      "RemoteSha": "678a9d4ae260e987fd584ae8ad057854f170d4f0",
      "Hash": "ad4e97acecc2cc246b1dc7294def2b1f",
      "Requirements": []
    },
    "xfun": {
      "Package": "xfun",
      "Version": "0.29",
      "Source": "Repository",
      "Repository": "RSPM",
      "Hash": "e2e5fb1a74fbb68b27d6efc5372635dc",
      "Requirements": []
    },
    "xml2": {
      "Package": "xml2",
      "Version": "1.3.3.9000",
      "Source": "Repository",
      "Repository": "https://r-lib.r-universe.dev",
      "RemoteUrl": "https://github.com/r-lib/xml2",
      "RemoteRef": "HEAD",
      "RemoteSha": "f0a0f35d22cb8fe93926e67dbe5c3f9563d16e54",
      "Hash": "4112ff4ecb0590376db420cdbc52f09d",
      "Requirements": []
    },
    "yaml": {
      "Package": "yaml",
      "Version": "2.3.4",
      "Source": "Repository",
      "Repository": "CRAN",
      "Hash": "84c6e30ea1adddaebd4b33d6c5cb5e65",
      "Requirements": []
    }
  }
}
